
Microsoft Visual Studio Solution File, Format Version 12.00
# Visual Studio 15
VisualStudioVersion = 15.0.28306.52
MinimumVisualStudioVersion = 10.0.40219.1
Project("{8BC9CEB8-8B4A-11D0-8D11-00A0C91BC942}") = "MPC_dll_4_vs17_cv3_4", "MPC_dll_4_vs17_cv3_4\MPC_dll_4_vs17_cv3_4.vcxproj", "{71C4647D-FC61-4256-8789-99E849FB6F5B}"
EndProject
Global
	GlobalSection(SolutionConfigurationPlatforms) = preSolution
		Debug|x64 = Debug|x64
		Debug|x86 = Debug|x86
		Release|x64 = Release|x64
		Release|x86 = Release|x86
	EndGlobalSection
	GlobalSection(ProjectConfigurationPlatforms) = postSolution
		{71C4647D-FC61-4256-8789-99E849FB6F5B}.Debug|x64.ActiveCfg = Debug|x64
		{71C4647D-FC61-4256-8789-99E849FB6F5B}.Debug|x64.Build.0 = Debug|x64
		{71C4647D-FC61-4256-8789-99E849FB6F5B}.Debug|x86.ActiveCfg = Debug|Win32
		{71C4647D-FC61-4256-8789-99E849FB6F5B}.Debug|x86.Build.0 = Debug|Win32
		{71C4647D-FC61-4256-8789-99E849FB6F5B}.Release|x64.ActiveCfg = Release|x64
		{71C4647D-FC61-4256-8789-99E849FB6F5B}.Release|x64.Build.0 = Release|x64
		{71C4647D-FC61-4256-8789-99E849FB6F5B}.Release|x86.ActiveCfg = Release|Win32
		{71C4647D-FC61-4256-8789-99E849FB6F5B}.Release|x86.Build.0 = Release|Win32
	EndGlobalSection
	GlobalSection(SolutionProperties) = preSolution
		HideSolutionNode = FALSE
	EndGlobalSection
	GlobalSection(ExtensibilityGlobals) = postSolution
		SolutionGuid = {BF222F52-C080-4776-BA62-613BA9556AD0}
	EndGlobalSection
EndGlobal
